<?xml version="1.0" encoding="utf-8"?>
<Project ToolsVersion="4.0" xmlns="http://schemas.microsoft.com/developer/msbuild/2003">
	<ItemGroup>
		<Filter Include="TestVHACD">
		</Filter>
	</ItemGroup>
	<ItemGroup>
		<ClCompile Include="..\..\FloatMath.cpp">
			<Filter>TestVHACD</Filter>
		</ClCompile>
		<ClCompile Include="..\..\InParser.cpp">
			<Filter>TestVHACD</Filter>
		</ClCompile>
		<ClCompile Include="..\..\TestVHACD.cpp">
			<Filter>TestVHACD</Filter>
		</ClCompile>
		<ClCompile Include="..\..\wavefront.cpp">
			<Filter>TestVHACD</Filter>
		</ClCompile>
		<ClInclude Include="..\..\FloatMath.h">
			<Filter>TestVHACD</Filter>
		</ClInclude>
		<ClInclude Include="..\..\InParser.h">
			<Filter>TestVHACD</Filter>
		</ClInclude>
		<ClInclude Include="..\..\ScopedTime.h">
			<Filter>TestVHACD</Filter>
		</ClInclude>
		<ClInclude Include="..\..\wavefront.h">
			<Filter>TestVHACD</Filter>
		</ClInclude>
	</ItemGroup>
	<ItemGroup>
		<Filter Include="VHACD">
		</Filter>
	</ItemGroup>
	<ItemGroup>
		<Filter Include="VHACD\include">
		</Filter>
	</ItemGroup>
	<ItemGroup>
		<ClInclude Include="..\..\..\include\VHACD.h">
			<Filter>VHACD\include</Filter>
		</ClInclude>
	</ItemGroup>
	<ItemGroup>
	</ItemGroup>
</Project>